
Microsoft Visual Studio Solution File, Format Version 12.00
# Visual Studio Version 17
VisualStudioVersion = 17.0.31903.59
MinimumVisualStudioVersion = 10.0.40219.1
Project("{2150E333-8FDC-42A3-9474-1A3956D46DE8}") = "src", "src", "{A9B37716-4983-4B84-8E72-71FA70D4E1AF}"
EndProject
Project("{FAE04EC0-301F-11D3-BF4B-00C04F79EFBC}") = "Audid", "src\Audid\Audid.csproj", "{76B8CDA7-E521-438E-88A1-571817120D37}"
EndProject
Global
	GlobalSection(SolutionConfigurationPlatforms) = preSolution
		Debug|Any CPU = Debug|Any CPU
		Release|Any CPU = Release|Any CPU
	EndGlobalSection
	GlobalSection(SolutionProperties) = preSolution
		HideSolutionNode = FALSE
	EndGlobalSection
	GlobalSection(ProjectConfigurationPlatforms) = postSolution
		{76B8CDA7-E521-438E-88A1-571817120D37}.Debug|Any CPU.ActiveCfg = Debug|Any CPU
		{76B8CDA7-E521-438E-88A1-571817120D37}.Debug|Any CPU.Build.0 = Debug|Any CPU
		{76B8CDA7-E521-438E-88A1-571817120D37}.Release|Any CPU.ActiveCfg = Release|Any CPU
		{76B8CDA7-E521-438E-88A1-571817120D37}.Release|Any CPU.Build.0 = Release|Any CPU
	EndGlobalSection
	GlobalSection(NestedProjects) = preSolution
		{76B8CDA7-E521-438E-88A1-571817120D37} = {A9B37716-4983-4B84-8E72-71FA70D4E1AF}
	EndGlobalSection
EndGlobal
